
Microsoft Visual Studio Solution File, Format Version 11.00
# Visual Studio 2010
Project("{8BC9CEB8-8B4A-11D0-8D11-00A0C91BC942}") = "Terrain3D", "Terrain3D\Terrain3D.vcxproj", "{8A39444E-F994-4DB0-B4C4-B41C5542A286}"
EndProject
Global
	GlobalSection(SolutionConfigurationPlatforms) = preSolution
		Debug|Win32 = Debug|Win32
		Release|Win32 = Release|Win32
	EndGlobalSection
	GlobalSection(ProjectConfigurationPlatforms) = postSolution
		{8A39444E-F994-4DB0-B4C4-B41C5542A286}.Debug|Win32.ActiveCfg = Debug|Win32
		{8A39444E-F994-4DB0-B4C4-B41C5542A286}.Debug|Win32.Build.0 = Debug|Win32
		{8A39444E-F994-4DB0-B4C4-B41C5542A286}.Release|Win32.ActiveCfg = Release|Win32
		{8A39444E-F994-4DB0-B4C4-B41C5542A286}.Release|Win32.Build.0 = Release|Win32
	EndGlobalSection
	GlobalSection(SolutionProperties) = preSolution
		HideSolutionNode = FALSE
	EndGlobalSection
EndGlobal
